
Microsoft Visual Studio Solution File, Format Version 12.00
# Visual Studio Version 17
VisualStudioVersion = 17.0.31903.59
MinimumVisualStudioVersion = 10.0.40219.1
Project("{2150E333-8FDC-42A3-9474-1A3956D46DE8}") = "src", "src", "{827E0CD3-B72D-47B6-A68D-7590B98EB39B}"
EndProject
Project("{FAE04EC0-301F-11D3-BF4B-00C04F79EFBC}") = "API", "src\API\API.csproj", "{BA005BA8-D1A5-40A9-A275-5D93E0CFD83C}"
EndProject
Project("{FAE04EC0-301F-11D3-BF4B-00C04F79EFBC}") = "Application", "src\Application\Application.csproj", "{E18FA21F-EB68-4FE6-94F4-191E99F75FE9}"
EndProject
Project("{FAE04EC0-301F-11D3-BF4B-00C04F79EFBC}") = "Infrastructure", "src\Infrastructure\Infrastructure.csproj", "{AB3CC7D9-8A61-4E53-A2FC-3EAD9A533ED4}"
EndProject
Project("{FAE04EC0-301F-11D3-BF4B-00C04F79EFBC}") = "Persistence", "src\Persistence\Persistence.csproj", "{3335FDEC-724C-48E9-9C71-248C799EF551}"
EndProject
Project("{FAE04EC0-301F-11D3-BF4B-00C04F79EFBC}") = "Domain", "src\Domain\Domain.csproj", "{7E86DF5E-DE55-4E60-AC69-AEBA48AC9F28}"
EndProject
Project("{2150E333-8FDC-42A3-9474-1A3956D46DE8}") = "API", "API", "{D74B043A-A390-4C91-A3B7-68746FCF8A9E}"
EndProject
Project("{2150E333-8FDC-42A3-9474-1A3956D46DE8}") = "Application", "Application", "{349DDB8F-8B7E-476C-9315-44BDFAC2B9AC}"
EndProject
Project("{2150E333-8FDC-42A3-9474-1A3956D46DE8}") = "Infrastructure", "Infrastructure", "{DD8318F9-8B61-46D1-8023-D8AD8FD210E9}"
EndProject
Global
	GlobalSection(SolutionConfigurationPlatforms) = preSolution
		Debug|Any CPU = Debug|Any CPU
		Debug|x64 = Debug|x64
		Debug|x86 = Debug|x86
		Release|Any CPU = Release|Any CPU
		Release|x64 = Release|x64
		Release|x86 = Release|x86
	EndGlobalSection
	GlobalSection(ProjectConfigurationPlatforms) = postSolution
		{BA005BA8-D1A5-40A9-A275-5D93E0CFD83C}.Debug|Any CPU.ActiveCfg = Debug|Any CPU
		{BA005BA8-D1A5-40A9-A275-5D93E0CFD83C}.Debug|Any CPU.Build.0 = Debug|Any CPU
		{BA005BA8-D1A5-40A9-A275-5D93E0CFD83C}.Debug|x64.ActiveCfg = Debug|Any CPU
		{BA005BA8-D1A5-40A9-A275-5D93E0CFD83C}.Debug|x64.Build.0 = Debug|Any CPU
		{BA005BA8-D1A5-40A9-A275-5D93E0CFD83C}.Debug|x86.ActiveCfg = Debug|Any CPU
		{BA005BA8-D1A5-40A9-A275-5D93E0CFD83C}.Debug|x86.Build.0 = Debug|Any CPU
		{BA005BA8-D1A5-40A9-A275-5D93E0CFD83C}.Release|Any CPU.ActiveCfg = Release|Any CPU
		{BA005BA8-D1A5-40A9-A275-5D93E0CFD83C}.Release|Any CPU.Build.0 = Release|Any CPU
		{BA005BA8-D1A5-40A9-A275-5D93E0CFD83C}.Release|x64.ActiveCfg = Release|Any CPU
		{BA005BA8-D1A5-40A9-A275-5D93E0CFD83C}.Release|x64.Build.0 = Release|Any CPU
		{BA005BA8-D1A5-40A9-A275-5D93E0CFD83C}.Release|x86.ActiveCfg = Release|Any CPU
		{BA005BA8-D1A5-40A9-A275-5D93E0CFD83C}.Release|x86.Build.0 = Release|Any CPU
		{E18FA21F-EB68-4FE6-94F4-191E99F75FE9}.Debug|Any CPU.ActiveCfg = Debug|Any CPU
		{E18FA21F-EB68-4FE6-94F4-191E99F75FE9}.Debug|Any CPU.Build.0 = Debug|Any CPU
		{E18FA21F-EB68-4FE6-94F4-191E99F75FE9}.Debug|x64.ActiveCfg = Debug|Any CPU
		{E18FA21F-EB68-4FE6-94F4-191E99F75FE9}.Debug|x64.Build.0 = Debug|Any CPU
		{E18FA21F-EB68-4FE6-94F4-191E99F75FE9}.Debug|x86.ActiveCfg = Debug|Any CPU
		{E18FA21F-EB68-4FE6-94F4-191E99F75FE9}.Debug|x86.Build.0 = Debug|Any CPU
		{E18FA21F-EB68-4FE6-94F4-191E99F75FE9}.Release|Any CPU.ActiveCfg = Release|Any CPU
		{E18FA21F-EB68-4FE6-94F4-191E99F75FE9}.Release|Any CPU.Build.0 = Release|Any CPU
		{E18FA21F-EB68-4FE6-94F4-191E99F75FE9}.Release|x64.ActiveCfg = Release|Any CPU
		{E18FA21F-EB68-4FE6-94F4-191E99F75FE9}.Release|x64.Build.0 = Release|Any CPU
		{E18FA21F-EB68-4FE6-94F4-191E99F75FE9}.Release|x86.ActiveCfg = Release|Any CPU
		{E18FA21F-EB68-4FE6-94F4-191E99F75FE9}.Release|x86.Build.0 = Release|Any CPU
		{AB3CC7D9-8A61-4E53-A2FC-3EAD9A533ED4}.Debug|Any CPU.ActiveCfg = Debug|Any CPU
		{AB3CC7D9-8A61-4E53-A2FC-3EAD9A533ED4}.Debug|Any CPU.Build.0 = Debug|Any CPU
		{AB3CC7D9-8A61-4E53-A2FC-3EAD9A533ED4}.Debug|x64.ActiveCfg = Debug|Any CPU
		{AB3CC7D9-8A61-4E53-A2FC-3EAD9A533ED4}.Debug|x64.Build.0 = Debug|Any CPU
		{AB3CC7D9-8A61-4E53-A2FC-3EAD9A533ED4}.Debug|x86.ActiveCfg = Debug|Any CPU
		{AB3CC7D9-8A61-4E53-A2FC-3EAD9A533ED4}.Debug|x86.Build.0 = Debug|Any CPU
		{AB3CC7D9-8A61-4E53-A2FC-3EAD9A533ED4}.Release|Any CPU.ActiveCfg = Release|Any CPU
		{AB3CC7D9-8A61-4E53-A2FC-3EAD9A533ED4}.Release|Any CPU.Build.0 = Release|Any CPU
		{AB3CC7D9-8A61-4E53-A2FC-3EAD9A533ED4}.Release|x64.ActiveCfg = Release|Any CPU
		{AB3CC7D9-8A61-4E53-A2FC-3EAD9A533ED4}.Release|x64.Build.0 = Release|Any CPU
		{AB3CC7D9-8A61-4E53-A2FC-3EAD9A533ED4}.Release|x86.ActiveCfg = Release|Any CPU
		{AB3CC7D9-8A61-4E53-A2FC-3EAD9A533ED4}.Release|x86.Build.0 = Release|Any CPU
		{3335FDEC-724C-48E9-9C71-248C799EF551}.Debug|Any CPU.ActiveCfg = Debug|Any CPU
		{3335FDEC-724C-48E9-9C71-248C799EF551}.Debug|Any CPU.Build.0 = Debug|Any CPU
		{3335FDEC-724C-48E9-9C71-248C799EF551}.Debug|x64.ActiveCfg = Debug|Any CPU
		{3335FDEC-724C-48E9-9C71-248C799EF551}.Debug|x64.Build.0 = Debug|Any CPU
		{3335FDEC-724C-48E9-9C71-248C799EF551}.Debug|x86.ActiveCfg = Debug|Any CPU
		{3335FDEC-724C-48E9-9C71-248C799EF551}.Debug|x86.Build.0 = Debug|Any CPU
		{3335FDEC-724C-48E9-9C71-248C799EF551}.Release|Any CPU.ActiveCfg = Release|Any CPU
		{3335FDEC-724C-48E9-9C71-248C799EF551}.Release|Any CPU.Build.0 = Release|Any CPU
		{3335FDEC-724C-48E9-9C71-248C799EF551}.Release|x64.ActiveCfg = Release|Any CPU
		{3335FDEC-724C-48E9-9C71-248C799EF551}.Release|x64.Build.0 = Release|Any CPU
		{3335FDEC-724C-48E9-9C71-248C799EF551}.Release|x86.ActiveCfg = Release|Any CPU
		{3335FDEC-724C-48E9-9C71-248C799EF551}.Release|x86.Build.0 = Release|Any CPU
		{7E86DF5E-DE55-4E60-AC69-AEBA48AC9F28}.Debug|Any CPU.ActiveCfg = Debug|Any CPU
		{7E86DF5E-DE55-4E60-AC69-AEBA48AC9F28}.Debug|Any CPU.Build.0 = Debug|Any CPU
		{7E86DF5E-DE55-4E60-AC69-AEBA48AC9F28}.Debug|x64.ActiveCfg = Debug|Any CPU
		{7E86DF5E-DE55-4E60-AC69-AEBA48AC9F28}.Debug|x64.Build.0 = Debug|Any CPU
		{7E86DF5E-DE55-4E60-AC69-AEBA48AC9F28}.Debug|x86.ActiveCfg = Debug|Any CPU
		{7E86DF5E-DE55-4E60-AC69-AEBA48AC9F28}.Debug|x86.Build.0 = Debug|Any CPU
		{7E86DF5E-DE55-4E60-AC69-AEBA48AC9F28}.Release|Any CPU.ActiveCfg = Release|Any CPU
		{7E86DF5E-DE55-4E60-AC69-AEBA48AC9F28}.Release|Any CPU.Build.0 = Release|Any CPU
		{7E86DF5E-DE55-4E60-AC69-AEBA48AC9F28}.Release|x64.ActiveCfg = Release|Any CPU
		{7E86DF5E-DE55-4E60-AC69-AEBA48AC9F28}.Release|x64.Build.0 = Release|Any CPU
		{7E86DF5E-DE55-4E60-AC69-AEBA48AC9F28}.Release|x86.ActiveCfg = Release|Any CPU
		{7E86DF5E-DE55-4E60-AC69-AEBA48AC9F28}.Release|x86.Build.0 = Release|Any CPU
	EndGlobalSection
	GlobalSection(SolutionProperties) = preSolution
		HideSolutionNode = FALSE
	EndGlobalSection
	GlobalSection(NestedProjects) = preSolution
		{D74B043A-A390-4C91-A3B7-68746FCF8A9E} = {827E0CD3-B72D-47B6-A68D-7590B98EB39B}
		{BA005BA8-D1A5-40A9-A275-5D93E0CFD83C} = {D74B043A-A390-4C91-A3B7-68746FCF8A9E}
		{349DDB8F-8B7E-476C-9315-44BDFAC2B9AC} = {827E0CD3-B72D-47B6-A68D-7590B98EB39B}
		{E18FA21F-EB68-4FE6-94F4-191E99F75FE9} = {349DDB8F-8B7E-476C-9315-44BDFAC2B9AC}
		{7E86DF5E-DE55-4E60-AC69-AEBA48AC9F28} = {349DDB8F-8B7E-476C-9315-44BDFAC2B9AC}
		{DD8318F9-8B61-46D1-8023-D8AD8FD210E9} = {827E0CD3-B72D-47B6-A68D-7590B98EB39B}
		{3335FDEC-724C-48E9-9C71-248C799EF551} = {DD8318F9-8B61-46D1-8023-D8AD8FD210E9}
		{AB3CC7D9-8A61-4E53-A2FC-3EAD9A533ED4} = {DD8318F9-8B61-46D1-8023-D8AD8FD210E9}
	EndGlobalSection
EndGlobal
